
Microsoft Visual Studio Solution File, Format Version 12.00
# Visual Studio 2012
Project("{FAE04EC0-301F-11D3-BF4B-00C04F79EFBC}") = "FamilyDoctorServer", "FamilyDoctorServer\FamilyDoctorServer.csproj", "{D4386328-83DB-408A-BF5E-EBF50A496359}"
EndProject
Project("{FAE04EC0-301F-11D3-BF4B-00C04F79EFBC}") = "FamilyDoctorCommon", "FamilyDoctorCommon\FamilyDoctorCommon.csproj", "{69E52CF1-3443-4836-9E77-5AEE529CDE3E}"
EndProject
Project("{FAE04EC0-301F-11D3-BF4B-00C04F79EFBC}") = "FamilyDoctorClient", "FamilyDoctorClient\FamilyDoctorClient.csproj", "{B529064D-212B-43C4-AA91-6BD15D1F7062}"
EndProject
Global
	GlobalSection(SolutionConfigurationPlatforms) = preSolution
		Debug|x86 = Debug|x86
		Release|x86 = Release|x86
	EndGlobalSection
	GlobalSection(ProjectConfigurationPlatforms) = postSolution
		{69E52CF1-3443-4836-9E77-5AEE529CDE3E}.Debug|x86.ActiveCfg = Debug|x86
		{69E52CF1-3443-4836-9E77-5AEE529CDE3E}.Debug|x86.Build.0 = Debug|x86
		{69E52CF1-3443-4836-9E77-5AEE529CDE3E}.Release|x86.ActiveCfg = Release|x86
		{69E52CF1-3443-4836-9E77-5AEE529CDE3E}.Release|x86.Build.0 = Release|x86
		{B529064D-212B-43C4-AA91-6BD15D1F7062}.Debug|x86.ActiveCfg = Debug|x86
		{B529064D-212B-43C4-AA91-6BD15D1F7062}.Debug|x86.Build.0 = Debug|x86
		{B529064D-212B-43C4-AA91-6BD15D1F7062}.Release|x86.ActiveCfg = Release|x86
		{B529064D-212B-43C4-AA91-6BD15D1F7062}.Release|x86.Build.0 = Release|x86
		{D4386328-83DB-408A-BF5E-EBF50A496359}.Debug|x86.ActiveCfg = Debug|x86
		{D4386328-83DB-408A-BF5E-EBF50A496359}.Debug|x86.Build.0 = Debug|x86
		{D4386328-83DB-408A-BF5E-EBF50A496359}.Release|x86.ActiveCfg = Release|x86
		{D4386328-83DB-408A-BF5E-EBF50A496359}.Release|x86.Build.0 = Release|x86
	EndGlobalSection
EndGlobal
