
Microsoft Visual Studio Solution File, Format Version 11.00
# Visual Studio 2010
Project("{8BC9CEB8-8B4A-11D0-8D11-00A0C91BC942}") = "LAB22", "LAB22\LAB22.vcxproj", "{F51D5B4A-5AF1-44DD-83EB-D73245495F0C}"
EndProject
Global
	GlobalSection(SolutionConfigurationPlatforms) = preSolution
		Debug|Win32 = Debug|Win32
		Release|Win32 = Release|Win32
	EndGlobalSection
	GlobalSection(ProjectConfigurationPlatforms) = postSolution
		{F51D5B4A-5AF1-44DD-83EB-D73245495F0C}.Debug|Win32.ActiveCfg = Debug|Win32
		{F51D5B4A-5AF1-44DD-83EB-D73245495F0C}.Debug|Win32.Build.0 = Debug|Win32
		{F51D5B4A-5AF1-44DD-83EB-D73245495F0C}.Release|Win32.ActiveCfg = Release|Win32
		{F51D5B4A-5AF1-44DD-83EB-D73245495F0C}.Release|Win32.Build.0 = Release|Win32
	EndGlobalSection
	GlobalSection(SolutionProperties) = preSolution
		HideSolutionNode = FALSE
	EndGlobalSection
EndGlobal
