
Microsoft Visual Studio Solution File, Format Version 10.00
# Visual Studio 2008
Project("{8BC9CEB8-8B4A-11D0-8D11-00A0C91BC942}") = "sorted vector", "sorted vector\sorted vector.vcproj", "{8007DBD4-71F0-4AA9-9111-A6A92E13E602}"
EndProject
Global
	GlobalSection(SolutionConfigurationPlatforms) = preSolution
		Debug|Win32 = Debug|Win32
		Release|Win32 = Release|Win32
	EndGlobalSection
	GlobalSection(ProjectConfigurationPlatforms) = postSolution
		{8007DBD4-71F0-4AA9-9111-A6A92E13E602}.Debug|Win32.ActiveCfg = Debug|Win32
		{8007DBD4-71F0-4AA9-9111-A6A92E13E602}.Debug|Win32.Build.0 = Debug|Win32
		{8007DBD4-71F0-4AA9-9111-A6A92E13E602}.Release|Win32.ActiveCfg = Release|Win32
		{8007DBD4-71F0-4AA9-9111-A6A92E13E602}.Release|Win32.Build.0 = Release|Win32
	EndGlobalSection
	GlobalSection(SolutionProperties) = preSolution
		HideSolutionNode = FALSE
	EndGlobalSection
EndGlobal
